// !$*UTF8*$!
{
	archiveVersion = 1;
	classes = {
	};
	objectVersion = 46;
	objects = {

/* Begin PBXBuildFile section */
		AC774073616F769BC5A7C8C4 /* ViewController.m in Sources */ = {isa = PBXBuildFile; fileRef = AC774FB33E041FA06DB09A78 /* ViewController.m */; };
		AC7740D42504DA82567F8FD9 /* Main.storyboard in Resources */ = {isa = PBXBuildFile; fileRef = AC774E990C1C9A68441D7AEA /* Main.storyboard */; };
		AC77412F84D7D41BEC38C92C /* LaunchScreen.storyboard in Resources */ = {isa = PBXBuildFile; fileRef = AC774CA83696B8C5CC072147 /* LaunchScreen.storyboard */; };
		AC7743816DD4EA50308BC3D8 /* main.m in Sources */ = {isa = PBXBuildFile; fileRef = AC774812A5069E9F5A8E746A /* main.m */; };
		AC7745EC431D7E4B658E37FB /* Assets.xcassets in Resources */ = {isa = PBXBuildFile; fileRef = AC774427B7E08EDF7294A665 /* Assets.xcassets */; };
		AC7749A787A863B271611BCC /* BlockUITests.m in Sources */ = {isa = PBXBuildFile; fileRef = AC7748CA8AE509CD1947186C /* BlockUITests.m */; };
		AC774D0166129B8569F13748 /* BlockTests.m in Sources */ = {isa = PBXBuildFile; fileRef = AC774FF1573BF5EE6D6F378A /* BlockTests.m */; };
		AC774D1D3AEEE7FAF22D84F2 /* AppDelegate.m in Sources */ = {isa = PBXBuildFile; fileRef = AC77420403AE6F4758257AAC /* AppDelegate.m */; };
/* End PBXBuildFile section */

/* Begin PBXContainerItemProxy section */
		AC7740C4B4E6AA1CA60C54B5 /* PBXContainerItemProxy */ = {
			isa = PBXContainerItemProxy;
			containerPortal = AC77420AEE43766360831A3D /* Project object */;
			proxyType = 1;
			remoteGlobalIDString = AC774947046F1F2C6AE18C89;
			remoteInfo = Block;
		};
		AC77441A7D19511D314B4C12 /* PBXContainerItemProxy */ = {
			isa = PBXContainerItemProxy;
			containerPortal = AC77420AEE43766360831A3D /* Project object */;
			proxyType = 1;
			remoteGlobalIDString = AC774947046F1F2C6AE18C89;
			remoteInfo = Block;
		};
/* End PBXContainerItemProxy section */

/* Begin PBXFileReference section */
		AC77420403AE6F4758257AAC /* AppDelegate.m */ = {isa = PBXFileReference; lastKnownFileType = sourcecode.c.objc; path = AppDelegate.m; sourceTree = "<group>"; };
		AC7742322CDA5B522399A595 /* ViewController.h */ = {isa = PBXFileReference; lastKnownFileType = sourcecode.c.h; path = ViewController.h; sourceTree = "<group>"; };
		AC774427B7E08EDF7294A665 /* Assets.xcassets */ = {isa = PBXFileReference; lastKnownFileType = folder.assetcatalog; path = Assets.xcassets; sourceTree = "<group>"; };
		AC77452EC34F0122C20D0FF0 /* BlockTests.xctest */ = {isa = PBXFileReference; explicitFileType = wrapper.cfbundle; includeInIndex = 0; path = BlockTests.xctest; sourceTree = BUILT_PRODUCTS_DIR; };
		AC774555265B9B07D4082F82 /* Base */ = {isa = PBXFileReference; lastKnownFileType = file.storyboard; name = Base; path = Base.lproj/LaunchScreen.storyboard; sourceTree = "<group>"; };
		AC7745ACB0EFAA91191EF15D /* Block.app */ = {isa = PBXFileReference; explicitFileType = wrapper.application; includeInIndex = 0; path = Block.app; sourceTree = BUILT_PRODUCTS_DIR; };
		AC7747B44E4232027D9EE5C3 /* Info.plist */ = {isa = PBXFileReference; lastKnownFileType = text.plist.info; path = Info.plist; sourceTree = "<group>"; };
		AC774812A5069E9F5A8E746A /* main.m */ = {isa = PBXFileReference; lastKnownFileType = sourcecode.c.objc; path = main.m; sourceTree = "<group>"; };
		AC7748CA8AE509CD1947186C /* BlockUITests.m */ = {isa = PBXFileReference; lastKnownFileType = sourcecode.c.objc; path = BlockUITests.m; sourceTree = "<group>"; };
		AC774A8167D7040A893C5399 /* Info.plist */ = {isa = PBXFileReference; lastKnownFileType = text.plist.info; path = Info.plist; sourceTree = "<group>"; };
		AC774BAEBA6DA06A814B63AC /* Info.plist */ = {isa = PBXFileReference; lastKnownFileType = text.plist.info; path = Info.plist; sourceTree = "<group>"; };
		AC774C643C6ACE18435A1BE1 /* Base */ = {isa = PBXFileReference; lastKnownFileType = file.storyboard; name = Base; path = Base.lproj/Main.storyboard; sourceTree = "<group>"; };
		AC774ED2749AF28ED21A6E0E /* BlockUITests.xctest */ = {isa = PBXFileReference; explicitFileType = wrapper.cfbundle; includeInIndex = 0; path = BlockUITests.xctest; sourceTree = BUILT_PRODUCTS_DIR; };
		AC774F04EED6B04FF6956940 /* AppDelegate.h */ = {isa = PBXFileReference; lastKnownFileType = sourcecode.c.h; path = AppDelegate.h; sourceTree = "<group>"; };
		AC774FB33E041FA06DB09A78 /* ViewController.m */ = {isa = PBXFileReference; lastKnownFileType = sourcecode.c.objc; path = ViewController.m; sourceTree = "<group>"; };
		AC774FF1573BF5EE6D6F378A /* BlockTests.m */ = {isa = PBXFileReference; lastKnownFileType = sourcecode.c.objc; path = BlockTests.m; sourceTree = "<group>"; };
/* End PBXFileReference section */

/* Begin PBXFrameworksBuildPhase section */
		AC774A7B67B6E92A4CD2EE06 /* Frameworks */ = {
			isa = PBXFrameworksBuildPhase;
			buildActionMask = 2147483647;
			files = (
			);
			runOnlyForDeploymentPostprocessing = 0;
		};
		AC774B18690EF54616261A31 /* Frameworks */ = {
			isa = PBXFrameworksBuildPhase;
			buildActionMask = 2147483647;
			files = (
			);
			runOnlyForDeploymentPostprocessing = 0;
		};
		AC774C57E2855BBA986AFD58 /* Frameworks */ = {
			isa = PBXFrameworksBuildPhase;
			buildActionMask = 2147483647;
			files = (
			);
			runOnlyForDeploymentPostprocessing = 0;
		};
/* End PBXFrameworksBuildPhase section */

/* Begin PBXGroup section */
		AC7743EB7BF77FAF7913D85D = {
			isa = PBXGroup;
			children = (
				AC774BB5A4A63C0E2104A681 /* Products */,
				AC7749144CF6FF1CD1A30943 /* Block */,
				AC774FE4762CCDCDB7E6347E /* BlockTests */,
				AC7746B1ADBFBA5C373A43E2 /* BlockUITests */,
			);
			sourceTree = "<group>";
		};
		AC7746B1ADBFBA5C373A43E2 /* BlockUITests */ = {
			isa = PBXGroup;
			children = (
				AC774A8167D7040A893C5399 /* Info.plist */,
				AC7748CA8AE509CD1947186C /* BlockUITests.m */,
			);
			path = BlockUITests;
			sourceTree = "<group>";
		};
		AC7749144CF6FF1CD1A30943 /* Block */ = {
			isa = PBXGroup;
			children = (
				AC7747B44E4232027D9EE5C3 /* Info.plist */,
				AC774427B7E08EDF7294A665 /* Assets.xcassets */,
				AC774CA83696B8C5CC072147 /* LaunchScreen.storyboard */,
				AC774812A5069E9F5A8E746A /* main.m */,
				AC774F04EED6B04FF6956940 /* AppDelegate.h */,
				AC77420403AE6F4758257AAC /* AppDelegate.m */,
				AC774E990C1C9A68441D7AEA /* Main.storyboard */,
				AC7742322CDA5B522399A595 /* ViewController.h */,
				AC774FB33E041FA06DB09A78 /* ViewController.m */,
			);
			path = Block;
			sourceTree = "<group>";
		};
		AC774BB5A4A63C0E2104A681 /* Products */ = {
			isa = PBXGroup;
			children = (
				AC7745ACB0EFAA91191EF15D /* Block.app */,
				AC77452EC34F0122C20D0FF0 /* BlockTests.xctest */,
				AC774ED2749AF28ED21A6E0E /* BlockUITests.xctest */,
			);
			name = Products;
			sourceTree = "<group>";
		};
		AC774FE4762CCDCDB7E6347E /* BlockTests */ = {
			isa = PBXGroup;
			children = (
				AC774BAEBA6DA06A814B63AC /* Info.plist */,
				AC774FF1573BF5EE6D6F378A /* BlockTests.m */,
			);
			path = BlockTests;
			sourceTree = "<group>";
		};
/* End PBXGroup section */

/* Begin PBXNativeTarget section */
		AC7745FAE9446961CDF721B0 /* BlockUITests */ = {
			isa = PBXNativeTarget;
			buildConfigurationList = AC7741F0B2092CD4804EF51C /* Build configuration list for PBXNativeTarget "BlockUITests" */;
			buildPhases = (
				AC7747678CBBB6FCE8A2F478 /* Sources */,
				AC774C57E2855BBA986AFD58 /* Frameworks */,
				AC77419893A8A37E98C2E85F /* Resources */,
			);
			buildRules = (
			);
			dependencies = (
				AC774692DC3BF9A541A00D73 /* PBXTargetDependency */,
			);
			name = BlockUITests;
			productName = BlockUITests;
			productReference = AC774ED2749AF28ED21A6E0E /* BlockUITests.xctest */;
			productType = "com.apple.product-type.bundle.ui-testing";
		};
		AC774947046F1F2C6AE18C89 /* Block */ = {
			isa = PBXNativeTarget;
			buildConfigurationList = AC774DFCE68DDE07FF15EBDF /* Build configuration list for PBXNativeTarget "Block" */;
			buildPhases = (
				AC774036DCEE3D18478A56AA /* Sources */,
				AC774A7B67B6E92A4CD2EE06 /* Frameworks */,
				AC774F6D5BD09B93E8535433 /* Resources */,
			);
			buildRules = (
			);
			dependencies = (
			);
			name = Block;
			productName = Block;
			productReference = AC7745ACB0EFAA91191EF15D /* Block.app */;
			productType = "com.apple.product-type.application";
		};
		AC774AD4F20EEED5D8D97B93 /* BlockTests */ = {
			isa = PBXNativeTarget;
			buildConfigurationList = AC774FF4AEC2B499939D5D43 /* Build configuration list for PBXNativeTarget "BlockTests" */;
			buildPhases = (
				AC7740210B6CDC9A7980772A /* Sources */,
				AC774B18690EF54616261A31 /* Frameworks */,
				AC77416C45EC4D543BB1E8FD /* Resources */,
			);
			buildRules = (
			);
			dependencies = (
				AC7745127DE97EC22971BEA8 /* PBXTargetDependency */,
			);
			name = BlockTests;
			productName = BlockTests;
			productReference = AC77452EC34F0122C20D0FF0 /* BlockTests.xctest */;
			productType = "com.apple.product-type.bundle.unit-test";
		};
/* End PBXNativeTarget section */

/* Begin PBXProject section */
		AC77420AEE43766360831A3D /* Project object */ = {
			isa = PBXProject;
			attributes = {
				ORGANIZATIONNAME = "___FULLUSERNAME___";
			};
			buildConfigurationList = AC7745C84736204AA16CF8E0 /* Build configuration list for PBXProject "Block" */;
			compatibilityVersion = "Xcode 3.2";
			developmentRegion = English;
			hasScannedForEncodings = 0;
			knownRegions = (
				en,
			);
			mainGroup = AC7743EB7BF77FAF7913D85D;
			productRefGroup = AC774BB5A4A63C0E2104A681 /* Products */;
			projectDirPath = "";
			projectRoot = "";
			targets = (
				AC774947046F1F2C6AE18C89 /* Block */,
				AC774AD4F20EEED5D8D97B93 /* BlockTests */,
				AC7745FAE9446961CDF721B0 /* BlockUITests */,
			);
		};
/* End PBXProject section */

/* Begin PBXResourcesBuildPhase section */
		AC77416C45EC4D543BB1E8FD /* Resources */ = {
			isa = PBXResourcesBuildPhase;
			buildActionMask = 2147483647;
			files = (
			);
			runOnlyForDeploymentPostprocessing = 0;
		};
		AC77419893A8A37E98C2E85F /* Resources */ = {
			isa = PBXResourcesBuildPhase;
			buildActionMask = 2147483647;
			files = (
			);
			runOnlyForDeploymentPostprocessing = 0;
		};
		AC774F6D5BD09B93E8535433 /* Resources */ = {
			isa = PBXResourcesBuildPhase;
			buildActionMask = 2147483647;
			files = (
				AC7745EC431D7E4B658E37FB /* Assets.xcassets in Resources */,
				AC77412F84D7D41BEC38C92C /* LaunchScreen.storyboard in Resources */,
				AC7740D42504DA82567F8FD9 /* Main.storyboard in Resources */,
			);
			runOnlyForDeploymentPostprocessing = 0;
		};
/* End PBXResourcesBuildPhase section */

/* Begin PBXSourcesBuildPhase section */
		AC7740210B6CDC9A7980772A /* Sources */ = {
			isa = PBXSourcesBuildPhase;
			buildActionMask = 2147483647;
			files = (
				AC774D0166129B8569F13748 /* BlockTests.m in Sources */,
			);
			runOnlyForDeploymentPostprocessing = 0;
		};
		AC774036DCEE3D18478A56AA /* Sources */ = {
			isa = PBXSourcesBuildPhase;
			buildActionMask = 2147483647;
			files = (
				AC7743816DD4EA50308BC3D8 /* main.m in Sources */,
				AC774D1D3AEEE7FAF22D84F2 /* AppDelegate.m in Sources */,
				AC774073616F769BC5A7C8C4 /* ViewController.m in Sources */,
			);
			runOnlyForDeploymentPostprocessing = 0;
		};
		AC7747678CBBB6FCE8A2F478 /* Sources */ = {
			isa = PBXSourcesBuildPhase;
			buildActionMask = 2147483647;
			files = (
				AC7749A787A863B271611BCC /* BlockUITests.m in Sources */,
			);
			runOnlyForDeploymentPostprocessing = 0;
		};
/* End PBXSourcesBuildPhase section */

/* Begin PBXTargetDependency section */
		AC7745127DE97EC22971BEA8 /* PBXTargetDependency */ = {
			isa = PBXTargetDependency;
			target = AC774947046F1F2C6AE18C89 /* Block */;
			targetProxy = AC7740C4B4E6AA1CA60C54B5 /* PBXContainerItemProxy */;
		};
		AC774692DC3BF9A541A00D73 /* PBXTargetDependency */ = {
			isa = PBXTargetDependency;
			target = AC774947046F1F2C6AE18C89 /* Block */;
			targetProxy = AC77441A7D19511D314B4C12 /* PBXContainerItemProxy */;
		};
/* End PBXTargetDependency section */

/* Begin PBXVariantGroup section */
		AC774CA83696B8C5CC072147 /* LaunchScreen.storyboard */ = {
			isa = PBXVariantGroup;
			children = (
				AC774555265B9B07D4082F82 /* Base */,
			);
			name = LaunchScreen.storyboard;
			sourceTree = "<group>";
		};
		AC774E990C1C9A68441D7AEA /* Main.storyboard */ = {
			isa = PBXVariantGroup;
			children = (
				AC774C643C6ACE18435A1BE1 /* Base */,
			);
			name = Main.storyboard;
			sourceTree = "<group>";
		};
/* End PBXVariantGroup section */

/* Begin XCBuildConfiguration section */
		AC774080719B93A70FE0BD13 /* Debug */ = {
			isa = XCBuildConfiguration;
			buildSettings = {
				ALWAYS_SEARCH_USER_PATHS = NO;
				CLANG_ANALYZER_NONNULL = YES;
				CLANG_ANALYZER_NUMBER_OBJECT_CONVERSION = YES_AGGRESSIVE;
				CLANG_CXX_LANGUAGE_STANDARD = "gnu++14";
				CLANG_CXX_LIBRARY = "libc++";
				CLANG_ENABLE_MODULES = YES;
				CLANG_ENABLE_OBJC_ARC = YES;
				CLANG_WARN_BLOCK_CAPTURE_AUTORELEASING = YES;
				CLANG_WARN_BOOL_CONVERSION = YES;
				CLANG_WARN_COMMA = YES;
				CLANG_WARN_CONSTANT_CONVERSION = YES;
				CLANG_WARN_DIRECT_OBJC_ISA_USAGE = YES_ERROR;
				CLANG_WARN_DOCUMENTATION_COMMENTS = YES;
				CLANG_WARN_EMPTY_BODY = YES;
				CLANG_WARN_ENUM_CONVERSION = YES;
				CLANG_WARN_INFINITE_RECURSION = YES;
				CLANG_WARN_INT_CONVERSION = YES;
				CLANG_WARN_NON_LITERAL_NULL_CONVERSION = YES;
				CLANG_WARN_OBJC_LITERAL_CONVERSION = YES;
				CLANG_WARN_OBJC_ROOT_CLASS = YES_ERROR;
				CLANG_WARN_RANGE_LOOP_ANALYSIS = YES;
				CLANG_WARN_STRICT_PROTOTYPES = YES;
				CLANG_WARN_SUSPICIOUS_MOVE = YES;
				CLANG_WARN_UNGUARDED_AVAILABILITY = YES_AGGRESSIVE;
				CLANG_WARN_UNREACHABLE_CODE = YES;
				CLANG_WARN__DUPLICATE_METHOD_MATCH = YES;
				CODE_SIGN_IDENTITY = "iPhone Developer";
				COPY_PHASE_STRIP = NO;
				DEBUG_INFORMATION_FORMAT = dwarf;
				ENABLE_STRICT_OBJC_MSGSEND = YES;
				ENABLE_TESTABILITY = YES;
				GCC_C_LANGUAGE_STANDARD = gnu11;
				GCC_DYNAMIC_NO_PIC = NO;
				GCC_NO_COMMON_BLOCKS = YES;
				GCC_OPTIMIZATION_LEVEL = 0;
				GCC_PREPROCESSOR_DEFINITIONS = (
					"DEBUG=1",
					"$(inherited)",
				);
				GCC_WARN_64_TO_32_BIT_CONVERSION = YES;
				GCC_WARN_ABOUT_RETURN_TYPE = YES_ERROR;
				GCC_WARN_UNDECLARED_SELECTOR = YES;
				GCC_WARN_UNINITIALIZED_AUTOS = YES_AGGRESSIVE;
				GCC_WARN_UNUSED_FUNCTION = YES;
				GCC_WARN_UNUSED_VARIABLE = YES;
				IPHONEOS_DEPLOYMENT_TARGET = 11.1;
				MTL_ENABLE_DEBUG_INFO = YES;
				ONLY_ACTIVE_ARCH = YES;
				SDKROOT = iphoneos;
			};
			name = Debug;
		};
		AC774296C2144E2803FC2B46 /* Release */ = {
			isa = XCBuildConfiguration;
			buildSettings = {
				BUNDLE_LOADER = "$(BUILT_PRODUCTS_DIR)/Block.app/Block";
				INFOPLIST_FILE = BlockTests/Info.plist;
				LD_RUNPATH_SEARCH_PATHS = "$(inherited) @executable_path/Frameworks @loader_path/Frameworks";
				PRODUCT_BUNDLE_IDENTIFIER = com.w.BlockTests;
				PRODUCT_NAME = "$(TARGET_NAME)";
				TARGETED_DEVICE_FAMILY = "1,2";
				TEST_HOST = "$(BUNDLE_LOADER)";
			};
			name = Release;
		};
		AC774626B289D04A1A491BB4 /* Debug */ = {
			isa = XCBuildConfiguration;
			buildSettings = {
				INFOPLIST_FILE = BlockUITests/Info.plist;
				LD_RUNPATH_SEARCH_PATHS = "$(inherited) @executable_path/Frameworks @loader_path/Frameworks";
				PRODUCT_BUNDLE_IDENTIFIER = com.w.BlockUITests;
				PRODUCT_NAME = "$(TARGET_NAME)";
				TARGETED_DEVICE_FAMILY = "1,2";
				TEST_TARGET_NAME = Block;
			};
			name = Debug;
		};
		AC77496694B333DA0F5EE451 /* Debug */ = {
			isa = XCBuildConfiguration;
			buildSettings = {
				BUNDLE_LOADER = "$(BUILT_PRODUCTS_DIR)/Block.app/Block";
				INFOPLIST_FILE = BlockTests/Info.plist;
				LD_RUNPATH_SEARCH_PATHS = "$(inherited) @executable_path/Frameworks @loader_path/Frameworks";
				PRODUCT_BUNDLE_IDENTIFIER = com.w.BlockTests;
				PRODUCT_NAME = "$(TARGET_NAME)";
				TARGETED_DEVICE_FAMILY = "1,2";
				TEST_HOST = "$(BUNDLE_LOADER)";
			};
			name = Debug;
		};
		AC774C299FA0B555A3A4A1EE /* Release */ = {
			isa = XCBuildConfiguration;
			buildSettings = {
				ALWAYS_SEARCH_USER_PATHS = NO;
				CLANG_ANALYZER_NONNULL = YES;
				CLANG_ANALYZER_NUMBER_OBJECT_CONVERSION = YES_AGGRESSIVE;
				CLANG_CXX_LANGUAGE_STANDARD = "gnu++14";
				CLANG_CXX_LIBRARY = "libc++";
				CLANG_ENABLE_MODULES = YES;
				CLANG_ENABLE_OBJC_ARC = YES;
				CLANG_WARN_BLOCK_CAPTURE_AUTORELEASING = YES;
				CLANG_WARN_BOOL_CONVERSION = YES;
				CLANG_WARN_COMMA = YES;
				CLANG_WARN_CONSTANT_CONVERSION = YES;
				CLANG_WARN_DIRECT_OBJC_ISA_USAGE = YES_ERROR;
				CLANG_WARN_DOCUMENTATION_COMMENTS = YES;
				CLANG_WARN_EMPTY_BODY = YES;
				CLANG_WARN_ENUM_CONVERSION = YES;
				CLANG_WARN_INFINITE_RECURSION = YES;
				CLANG_WARN_INT_CONVERSION = YES;
				CLANG_WARN_NON_LITERAL_NULL_CONVERSION = YES;
				CLANG_WARN_OBJC_LITERAL_CONVERSION = YES;
				CLANG_WARN_OBJC_ROOT_CLASS = YES_ERROR;
				CLANG_WARN_RANGE_LOOP_ANALYSIS = YES;
				CLANG_WARN_STRICT_PROTOTYPES = YES;
				CLANG_WARN_SUSPICIOUS_MOVE = YES;
				CLANG_WARN_UNGUARDED_AVAILABILITY = YES_AGGRESSIVE;
				CLANG_WARN_UNREACHABLE_CODE = YES;
				CLANG_WARN__DUPLICATE_METHOD_MATCH = YES;
				CODE_SIGN_IDENTITY = "iPhone Developer";
				COPY_PHASE_STRIP = NO;
				DEBUG_INFORMATION_FORMAT = "dwarf-with-dsym";
				ENABLE_NS_ASSERTIONS = NO;
				ENABLE_STRICT_OBJC_MSGSEND = YES;
				GCC_C_LANGUAGE_STANDARD = gnu11;
				GCC_NO_COMMON_BLOCKS = YES;
				GCC_WARN_64_TO_32_BIT_CONVERSION = YES;
				GCC_WARN_ABOUT_RETURN_TYPE = YES_ERROR;
				GCC_WARN_UNDECLARED_SELECTOR = YES;
				GCC_WARN_UNINITIALIZED_AUTOS = YES_AGGRESSIVE;
				GCC_WARN_UNUSED_FUNCTION = YES;
				GCC_WARN_UNUSED_VARIABLE = YES;
				IPHONEOS_DEPLOYMENT_TARGET = 11.1;
				MTL_ENABLE_DEBUG_INFO = NO;
				SDKROOT = iphoneos;
				VALIDATE_PRODUCT = YES;
			};
			name = Release;
		};
		AC774C87C21688C4329FE93A /* Release */ = {
			isa = XCBuildConfiguration;
			buildSettings = {
				ASSETCATALOG_COMPILER_APPICON_NAME = AppIcon;
				INFOPLIST_FILE = Block/Info.plist;
				LD_RUNPATH_SEARCH_PATHS = "$(inherited) @executable_path/Frameworks";
				PRODUCT_BUNDLE_IDENTIFIER = com.w.Block;
				PRODUCT_NAME = "$(TARGET_NAME)";
				TARGETED_DEVICE_FAMILY = "1,2";
			};
			name = Release;
		};
		AC774DEF0C0B03414EB5B50A /* Debug */ = {
			isa = XCBuildConfiguration;
			buildSettings = {
				ASSETCATALOG_COMPILER_APPICON_NAME = AppIcon;
				INFOPLIST_FILE = Block/Info.plist;
				LD_RUNPATH_SEARCH_PATHS = "$(inherited) @executable_path/Frameworks";
				PRODUCT_BUNDLE_IDENTIFIER = com.w.Block;
				PRODUCT_NAME = "$(TARGET_NAME)";
				TARGETED_DEVICE_FAMILY = "1,2";
			};
			name = Debug;
		};
		AC774F543398A030D0ECA802 /* Release */ = {
			isa = XCBuildConfiguration;
			buildSettings = {
				INFOPLIST_FILE = BlockUITests/Info.plist;
				LD_RUNPATH_SEARCH_PATHS = "$(inherited) @executable_path/Frameworks @loader_path/Frameworks";
				PRODUCT_BUNDLE_IDENTIFIER = com.w.BlockUITests;
				PRODUCT_NAME = "$(TARGET_NAME)";
				TARGETED_DEVICE_FAMILY = "1,2";
				TEST_TARGET_NAME = Block;
			};
			name = Release;
		};
/* End XCBuildConfiguration section */

/* Begin XCConfigurationList section */
		AC7741F0B2092CD4804EF51C /* Build configuration list for PBXNativeTarget "BlockUITests" */ = {
			isa = XCConfigurationList;
			buildConfigurations = (
				AC774626B289D04A1A491BB4 /* Debug */,
				AC774F543398A030D0ECA802 /* Release */,
			);
			defaultConfigurationIsVisible = 0;
		};
		AC7745C84736204AA16CF8E0 /* Build configuration list for PBXProject "Block" */ = {
			isa = XCConfigurationList;
			buildConfigurations = (
				AC774080719B93A70FE0BD13 /* Debug */,
				AC774C299FA0B555A3A4A1EE /* Release */,
			);
			defaultConfigurationIsVisible = 0;
			defaultConfigurationName = Release;
		};
		AC774DFCE68DDE07FF15EBDF /* Build configuration list for PBXNativeTarget "Block" */ = {
			isa = XCConfigurationList;
			buildConfigurations = (
				AC774DEF0C0B03414EB5B50A /* Debug */,
				AC774C87C21688C4329FE93A /* Release */,
			);
			defaultConfigurationIsVisible = 0;
		};
		AC774FF4AEC2B499939D5D43 /* Build configuration list for PBXNativeTarget "BlockTests" */ = {
			isa = XCConfigurationList;
			buildConfigurations = (
				AC77496694B333DA0F5EE451 /* Debug */,
				AC774296C2144E2803FC2B46 /* Release */,
			);
			defaultConfigurationIsVisible = 0;
		};
/* End XCConfigurationList section */
	};
	rootObject = AC77420AEE43766360831A3D /* Project object */;
}
